
Microsoft Visual Studio Solution File, Format Version 12.00
# Visual Studio Version 17
VisualStudioVersion = 17.4.33205.214
MinimumVisualStudioVersion = 10.0.40219.1
Project("{9A19103F-16F7-4668-BE54-9A1E7A4F7556}") = "Console", "Console\Console.csproj", "{51D76BA0-3E23-43C8-9979-2752FCE7E565}"
EndProject
Project("{FAE04EC0-301F-11D3-BF4B-00C04F79EFBC}") = "Common", "Common\Common.csproj", "{ADC485EB-FAB1-436B-8A74-8FFAC62D8A4A}"
EndProject
Global
	GlobalSection(SolutionConfigurationPlatforms) = preSolution
		Debug|Any CPU = Debug|Any CPU
		Release|Any CPU = Release|Any CPU
	EndGlobalSection
	GlobalSection(ProjectConfigurationPlatforms) = postSolution
		{51D76BA0-3E23-43C8-9979-2752FCE7E565}.Debug|Any CPU.ActiveCfg = Debug|Any CPU
		{51D76BA0-3E23-43C8-9979-2752FCE7E565}.Debug|Any CPU.Build.0 = Debug|Any CPU
		{51D76BA0-3E23-43C8-9979-2752FCE7E565}.Release|Any CPU.ActiveCfg = Release|Any CPU
		{51D76BA0-3E23-43C8-9979-2752FCE7E565}.Release|Any CPU.Build.0 = Release|Any CPU
		{ADC485EB-FAB1-436B-8A74-8FFAC62D8A4A}.Debug|Any CPU.ActiveCfg = Debug|Any CPU
		{ADC485EB-FAB1-436B-8A74-8FFAC62D8A4A}.Debug|Any CPU.Build.0 = Debug|Any CPU
		{ADC485EB-FAB1-436B-8A74-8FFAC62D8A4A}.Release|Any CPU.ActiveCfg = Release|Any CPU
		{ADC485EB-FAB1-436B-8A74-8FFAC62D8A4A}.Release|Any CPU.Build.0 = Release|Any CPU
	EndGlobalSection
	GlobalSection(SolutionProperties) = preSolution
		HideSolutionNode = FALSE
	EndGlobalSection
	GlobalSection(ExtensibilityGlobals) = postSolution
		SolutionGuid = {5FAA315C-8F8A-4F2B-A0CE-123EB8D80F8A}
	EndGlobalSection
EndGlobal
